# This file is automatically @generated by Cargo.
# It is not intended for manual editing.
version = 3

[[package]]
name = "aes256"
version = "0.1.0"
dependencies = [
 "polybyte",
]

[[package]]
name = "polybyte"
version = "0.1.0"
source = "git+https://github.com/Quin-Darcy/polybyte.git?branch=master#7f28ae3976f248aa8f73b276bcd2b4ef8f2cd69d"
